{
  "name": "common",
  "version": "1.0.0",
  "lockfileVersion": 1,
  "requires": true,
  "dependencies": {
    "async-limiter": {
      "version": "1.0.0",
      "resolved": "https://registry.npmjs.org/async-limiter/-/async-limiter-1.0.0.tgz",
      "integrity": "sha512-jp/uFnooOiO+L211eZOoSyzpOITMXx1rBITauYykG3BRYPu8h0UcxsPNB04RR5vo4Tyz3+ay17tR6JVf9qzYWg=="
    },
    "bindings": {
      "version": "1.3.0",
      "resolved": "https://registry.npmjs.org/bindings/-/bindings-1.3.0.tgz",
      "integrity": "sha512-DpLh5EzMR2kzvX1KIlVC0VkC3iZtHKTgdtZ0a3pglBZdaQFjt5S9g9xd1lE+YvXyfd6mtCeRnrUfOLYiTMlNSw==",
      "optional": true
    },
    "clone": {
      "version": "2.1.1",
      "resolved": "https://registry.npmjs.org/clone/-/clone-2.1.1.tgz",
      "integrity": "sha1-0hfR6WERjjrJpLi7oyhVU79kfNs="
    },
    "dnode": {
      "version": "1.2.2",
      "resolved": "https://registry.npmjs.org/dnode/-/dnode-1.2.2.tgz",
      "integrity": "sha1-SsPP4m4pKzs5uCWK59lO3FgTLvo=",
      "requires": {
        "dnode-protocol": "0.2.2",
        "jsonify": "0.0.0",
        "weak": "1.0.1"
      },
      "dependencies": {
        "bindings": {
          "version": "1.3.0",
          "resolved": "https://registry.npmjs.org/bindings/-/bindings-1.3.0.tgz",
          "integrity": "sha512-DpLh5EzMR2kzvX1KIlVC0VkC3iZtHKTgdtZ0a3pglBZdaQFjt5S9g9xd1lE+YvXyfd6mtCeRnrUfOLYiTMlNSw=="
        },
        "dnode-protocol": {
          "version": "0.2.2",
          "resolved": "https://registry.npmjs.org/dnode-protocol/-/dnode-protocol-0.2.2.tgz",
          "integrity": "sha1-URUdFvw7X4SBXuC5SXoQYdDRlJ0=",
          "requires": {
            "jsonify": "0.0.0",
            "traverse": "0.6.6"
          }
        },
        "jsonify": {
          "version": "0.0.0",
          "resolved": "https://registry.npmjs.org/jsonify/-/jsonify-0.0.0.tgz",
          "integrity": "sha1-LHS27kHZPKUbe1qu6PUDYx0lKnM="
        },
        "nan": {
          "version": "2.7.0",
          "resolved": "https://registry.npmjs.org/nan/-/nan-2.7.0.tgz",
          "integrity": "sha1-2Vv3IeyHfgjbJ27T/G63j5CDrUY="
        },
        "traverse": {
          "version": "0.6.6",
          "resolved": "https://registry.npmjs.org/traverse/-/traverse-0.6.6.tgz",
          "integrity": "sha1-y99WD9e5r2MlAv7UD5GMFX6pcTc="
        }
      }
    },
    "double-ended-queue": {
      "version": "2.1.0-0",
      "resolved": "https://registry.npmjs.org/double-ended-queue/-/double-ended-queue-2.1.0-0.tgz",
      "integrity": "sha1-ED01J/0xUo9AGIEwyEHv3XgmTlw="
    },
    "nan": {
      "version": "2.7.0",
      "resolved": "https://registry.npmjs.org/nan/-/nan-2.7.0.tgz",
      "integrity": "sha1-2Vv3IeyHfgjbJ27T/G63j5CDrUY=",
      "optional": true
    },
    "node-uuid": {
      "version": "1.4.8",
      "resolved": "https://registry.npmjs.org/node-uuid/-/node-uuid-1.4.8.tgz",
      "integrity": "sha1-sEDrCSOWivq/jTL7HxfxFn/auQc="
    },
    "redis": {
      "version": "2.8.0",
      "resolved": "https://registry.npmjs.org/redis/-/redis-2.8.0.tgz",
      "integrity": "sha512-M1OkonEQwtRmZv4tEWF2VgpG0JWJ8Fv1PhlgT5+B+uNq2cA3Rt1Yt/ryoR+vQNOQcIEgdCdfH0jr3bDpihAw1A==",
      "requires": {
        "double-ended-queue": "2.1.0-0",
        "redis-commands": "1.3.1",
        "redis-parser": "2.6.0"
      }
    },
    "redis-commands": {
      "version": "1.3.1",
      "resolved": "https://registry.npmjs.org/redis-commands/-/redis-commands-1.3.1.tgz",
      "integrity": "sha1-gdgm9F+pyLIBH0zXoP5ZfSQdRCs="
    },
    "redis-parser": {
      "version": "2.6.0",
      "resolved": "https://registry.npmjs.org/redis-parser/-/redis-parser-2.6.0.tgz",
      "integrity": "sha1-Uu0J2srBCPGmMcB+m2mUHnoZUEs="
    },
    "weak": {
      "version": "1.0.1",
      "resolved": "https://registry.npmjs.org/weak/-/weak-1.0.1.tgz",
      "integrity": "sha1-q5mqswcGlZqgIAy4z1RbucszuZ4=",
      "optional": true,
      "requires": {
        "bindings": "1.3.0",
        "nan": "2.7.0"
      }
    },
    "ws": {
      "version": "3.3.1",
      "resolved": "https://registry.npmjs.org/ws/-/ws-3.3.1.tgz",
      "integrity": "sha512-8A/uRMnQy8KCQsmep1m7Bk+z/+LIkeF7w+TDMLtX1iZm5Hq9HsUDmgFGaW1ACW5Cj0b2Qo7wCvRhYN2ErUVp/A==",
      "requires": {
        "async-limiter": "1.0.0",
        "safe-buffer": "5.1.1",
        "ultron": "1.1.0"
      },
      "dependencies": {
        "safe-buffer": {
          "version": "5.1.1",
          "resolved": "https://registry.npmjs.org/safe-buffer/-/safe-buffer-5.1.1.tgz",
          "integrity": "sha512-kKvNJn6Mm93gAczWVJg7wH+wGYWNrDHdWvpUmHyEsgCtIwwo3bqPtV4tR5tuPaUhTOo/kvhVwd8XwwOllGYkbg=="
        },
        "ultron": {
          "version": "1.1.0",
          "resolved": "https://registry.npmjs.org/ultron/-/ultron-1.1.0.tgz",
          "integrity": "sha1-sHoualQagV/Go0zNRTO67DB8qGQ="
        }
      }
    }
  }
}
